
Microsoft Visual Studio Solution File, Format Version 11.00
# Visual Studio 2010
Project("{F7435C16-8EFE-496F-8043-FACB65490BA4}") = "DaberGen", "DaberGen.csproj", "{13A97BBC-5333-4B7B-AE80-502DA44A7788}"
EndProject
Global
	GlobalSection(SolutionConfigurationPlatforms) = preSolution
		Debug|Any CPU = Debug|Any CPU
		Release|Any CPU = Release|Any CPU
	EndGlobalSection
	GlobalSection(ProjectConfigurationPlatforms) = postSolution
		{13A97BBC-5333-4B7B-AE80-502DA44A7788}.Debug|Any CPU.ActiveCfg = Debug|Any CPU
		{13A97BBC-5333-4B7B-AE80-502DA44A7788}.Debug|Any CPU.Build.0 = Debug|Any CPU
		{13A97BBC-5333-4B7B-AE80-502DA44A7788}.Release|Any CPU.ActiveCfg = Release|Any CPU
		{13A97BBC-5333-4B7B-AE80-502DA44A7788}.Release|Any CPU.Build.0 = Release|Any CPU
	EndGlobalSection
	GlobalSection(SolutionProperties) = preSolution
		HideSolutionNode = FALSE
	EndGlobalSection
EndGlobal
